<?xml version="1.0" encoding="UTF-8"?>
<Scheme
   LastUpgradeVersion = "0700"
   version = "1.3">
   <BuildAction
      parallelizeBuildables = "YES"
      buildImplicitDependencies = "YES">
   </BuildAction>
   <TestAction
      buildConfiguration = "Debug"
      selectedDebuggerIdentifier = "Xcode.DebuggerFoundation.Debugger.LLDB"
      selectedLauncherIdentifier = "Xcode.DebuggerFoundation.Launcher.LLDB"
      shouldUseLaunchSchemeArgsEnv = "YES">
      <Testables>
         <TestableReference
            skipped = "NO">
            <BuildableReference
               BuildableIdentifier = "primary"
               BlueprintIdentifier = "94B7394116BBC8F4005A0130"
               BuildableName = "emmaLogicTests.octest"
               BlueprintName = "emmaLogicTests"
               ReferencedContainer = "container:emma.xcodeproj">
            </BuildableReference>
            <SkippedTests>
               <Test
                  Identifier = "PredictorTest">
               </Test>
               <Test
                  Identifier = "dataStoreTests">
               </Test>
               <Test
                  Identifier = "networkTest">
               </Test>
               <Test
                  Identifier = "networkTest/testGetJSON">
               </Test>
               <Test
                  Identifier = "networkTest/testGetJSONWithoutQuery">
               </Test>
               <Test
                  Identifier = "networkTest/testPostJSON">
               </Test>
               <Test
                  Identifier = "networkTest/testServerError">
               </Test>
               <Test
                  Identifier = "pubSubTest">
               </Test>
               <Test
                  Identifier = "userTest/testApplyRules">
               </Test>
               <Test
                  Identifier = "userTest/testCreateUser">
               </Test>
               <Test
                  Identifier = "userTest/testEmptyAttrs">
               </Test>
               <Test
                  Identifier = "userTest/testEvents">
               </Test>
               <Test
                  Identifier = "userTest/testFetchObject">
               </Test>
               <Test
                  Identifier = "userTest/testGetDailyData">
               </Test>
               <Test
                  Identifier = "userTest/testInitPredictionAndUpdateARules">
               </Test>
               <Test
                  Identifier = "userTest/testNotifications">
               </Test>
               <Test
                  Identifier = "userTest/testPrediction">
               </Test>
               <Test
                  Identifier = "userTest/testPullFromSystemEvent">
               </Test>
               <Test
                  Identifier = "userTest/testPush">
               </Test>
               <Test
                  Identifier = "userTest/testSettings">
               </Test>
               <Test
                  Identifier = "userTest/testSync">
               </Test>
               <Test
                  Identifier = "userTest/testTempRiseRule">
               </Test>
            </SkippedTests>
         </TestableReference>
      </Testables>
      <AdditionalOptions>
      </AdditionalOptions>
   </TestAction>
   <LaunchAction
      buildConfiguration = "Debug"
      selectedDebuggerIdentifier = "Xcode.DebuggerFoundation.Debugger.LLDB"
      selectedLauncherIdentifier = "Xcode.DebuggerFoundation.Launcher.LLDB"
      launchStyle = "0"
      useCustomWorkingDirectory = "NO"
      ignoresPersistentStateOnLaunch = "NO"
      debugDocumentVersioning = "YES"
      debugServiceExtension = "internal"
      allowLocationSimulation = "YES">
      <AdditionalOptions>
      </AdditionalOptions>
   </LaunchAction>
   <ProfileAction
      buildConfiguration = "Release"
      shouldUseLaunchSchemeArgsEnv = "YES"
      savedToolIdentifier = ""
      useCustomWorkingDirectory = "NO"
      debugDocumentVersioning = "YES">
   </ProfileAction>
   <AnalyzeAction
      buildConfiguration = "Debug">
   </AnalyzeAction>
   <ArchiveAction
      buildConfiguration = "Release"
      revealArchiveInOrganizer = "YES">
   </ArchiveAction>
</Scheme>
